
Microsoft Visual Studio Solution File, Format Version 12.00
# Visual Studio Version 17
VisualStudioVersion = 17.11.35222.181
MinimumVisualStudioVersion = 10.0.40219.1
Project("{9A19103F-16F7-4668-BE54-9A1E7A4F7556}") = "ApiApp", "ApiApp\ApiApp.csproj", "{0ECBEFDA-4129-4DCD-82A1-F4199E7A1339}"
EndProject
Project("{9A19103F-16F7-4668-BE54-9A1E7A4F7556}") = "Orchestrator", "Orchestrator\Orchestrator.csproj", "{D700DA2D-F32B-4318-A812-0A79FD934307}"
EndProject
Project("{E53339B2-1760-4266-BCC7-CA923CBCF16C}") = "docker-compose", "docker-compose.dcproj", "{49C477F5-8F9A-4E7E-B583-731CCDB0E209}"
EndProject
Project("{54A90642-561A-4BB1-A94E-469ADEE60C69}") = "ngwebui", "ngwebui\ngwebui.esproj", "{FF68AEA5-C847-4FF4-8301-FC7C45DF8616}"
EndProject
Project("{FAE04EC0-301F-11D3-BF4B-00C04F79EFBC}") = "Orchestrator.Common", "Orchestrator.Common\Orchestrator.Common.csproj", "{8919AECB-7B10-4068-9E9C-E0077BFAC888}"
EndProject
Global
	GlobalSection(SolutionConfigurationPlatforms) = preSolution
		Debug|Any CPU = Debug|Any CPU
		Release|Any CPU = Release|Any CPU
	EndGlobalSection
	GlobalSection(ProjectConfigurationPlatforms) = postSolution
		{0ECBEFDA-4129-4DCD-82A1-F4199E7A1339}.Debug|Any CPU.ActiveCfg = Debug|Any CPU
		{0ECBEFDA-4129-4DCD-82A1-F4199E7A1339}.Debug|Any CPU.Build.0 = Debug|Any CPU
		{0ECBEFDA-4129-4DCD-82A1-F4199E7A1339}.Release|Any CPU.ActiveCfg = Release|Any CPU
		{0ECBEFDA-4129-4DCD-82A1-F4199E7A1339}.Release|Any CPU.Build.0 = Release|Any CPU
		{D700DA2D-F32B-4318-A812-0A79FD934307}.Debug|Any CPU.ActiveCfg = Debug|Any CPU
		{D700DA2D-F32B-4318-A812-0A79FD934307}.Debug|Any CPU.Build.0 = Debug|Any CPU
		{D700DA2D-F32B-4318-A812-0A79FD934307}.Release|Any CPU.ActiveCfg = Release|Any CPU
		{D700DA2D-F32B-4318-A812-0A79FD934307}.Release|Any CPU.Build.0 = Release|Any CPU
		{49C477F5-8F9A-4E7E-B583-731CCDB0E209}.Debug|Any CPU.ActiveCfg = Debug|Any CPU
		{49C477F5-8F9A-4E7E-B583-731CCDB0E209}.Debug|Any CPU.Build.0 = Debug|Any CPU
		{49C477F5-8F9A-4E7E-B583-731CCDB0E209}.Release|Any CPU.ActiveCfg = Release|Any CPU
		{49C477F5-8F9A-4E7E-B583-731CCDB0E209}.Release|Any CPU.Build.0 = Release|Any CPU
		{FF68AEA5-C847-4FF4-8301-FC7C45DF8616}.Debug|Any CPU.ActiveCfg = Debug|Any CPU
		{FF68AEA5-C847-4FF4-8301-FC7C45DF8616}.Debug|Any CPU.Build.0 = Debug|Any CPU
		{FF68AEA5-C847-4FF4-8301-FC7C45DF8616}.Debug|Any CPU.Deploy.0 = Debug|Any CPU
		{FF68AEA5-C847-4FF4-8301-FC7C45DF8616}.Release|Any CPU.ActiveCfg = Release|Any CPU
		{FF68AEA5-C847-4FF4-8301-FC7C45DF8616}.Release|Any CPU.Build.0 = Release|Any CPU
		{FF68AEA5-C847-4FF4-8301-FC7C45DF8616}.Release|Any CPU.Deploy.0 = Release|Any CPU
		{8919AECB-7B10-4068-9E9C-E0077BFAC888}.Debug|Any CPU.ActiveCfg = Debug|Any CPU
		{8919AECB-7B10-4068-9E9C-E0077BFAC888}.Debug|Any CPU.Build.0 = Debug|Any CPU
		{8919AECB-7B10-4068-9E9C-E0077BFAC888}.Release|Any CPU.ActiveCfg = Release|Any CPU
		{8919AECB-7B10-4068-9E9C-E0077BFAC888}.Release|Any CPU.Build.0 = Release|Any CPU
	EndGlobalSection
	GlobalSection(SolutionProperties) = preSolution
		HideSolutionNode = FALSE
	EndGlobalSection
	GlobalSection(ExtensibilityGlobals) = postSolution
		SolutionGuid = {F514C55A-68B3-411F-80C8-05ED9AC25FD7}
	EndGlobalSection
EndGlobal
